
Microsoft Visual Studio Solution File, Format Version 12.00
# Visual Studio Version 16
VisualStudioVersion = 16.0.30503.244
MinimumVisualStudioVersion = 10.0.40219.1
Project("{9A19103F-16F7-4668-BE54-9A1E7A4F7556}") = "DocumentManagement", "DocumentManagement\DocumentManagement.csproj", "{4C808E57-40B4-408B-84FC-DD05B3CCA35C}"
EndProject
Project("{9A19103F-16F7-4668-BE54-9A1E7A4F7556}") = "DocumentManagement.IntegrationTests", "DocumentManagement.Tests\DocumentManagement.IntegrationTests.csproj", "{4FCADB27-F8FB-45BF-9380-C9C5770C225E}"
	ProjectSection(ProjectDependencies) = postProject
		{4C808E57-40B4-408B-84FC-DD05B3CCA35C} = {4C808E57-40B4-408B-84FC-DD05B3CCA35C}
	EndProjectSection
EndProject
Project("{9A19103F-16F7-4668-BE54-9A1E7A4F7556}") = "DocumentManagement.Api", "DocumentManagement.Api\DocumentManagement.Api.csproj", "{6B2646CE-987F-44C1-A1CE-16EDEFD6B99D}"
EndProject
Project("{9A19103F-16F7-4668-BE54-9A1E7A4F7556}") = "DocumentManagement.Interface", "DocumentManagement.Interface\DocumentManagement.Interface.csproj", "{4998F387-129B-4C8C-9F8B-C143D0A612BE}"
EndProject
Project("{9A19103F-16F7-4668-BE54-9A1E7A4F7556}") = "DocumentManagement.Database", "DocumentManagement.Database\DocumentManagement.Database.csproj", "{100FECFA-06E2-4D4D-90A4-ADFF9B251718}"
EndProject
Project("{9A19103F-16F7-4668-BE54-9A1E7A4F7556}") = "DocumentManagement.Utils", "DocumentManagement.Utils\DocumentManagement.Utils.csproj", "{F5838427-97CC-44DA-8075-49A8C7480065}"
EndProject
Global
	GlobalSection(SolutionConfigurationPlatforms) = preSolution
		Debug|Any CPU = Debug|Any CPU
		Release|Any CPU = Release|Any CPU
	EndGlobalSection
	GlobalSection(ProjectConfigurationPlatforms) = postSolution
		{4C808E57-40B4-408B-84FC-DD05B3CCA35C}.Debug|Any CPU.ActiveCfg = Debug|Any CPU
		{4C808E57-40B4-408B-84FC-DD05B3CCA35C}.Debug|Any CPU.Build.0 = Debug|Any CPU
		{4C808E57-40B4-408B-84FC-DD05B3CCA35C}.Release|Any CPU.ActiveCfg = Release|Any CPU
		{4C808E57-40B4-408B-84FC-DD05B3CCA35C}.Release|Any CPU.Build.0 = Release|Any CPU
		{4FCADB27-F8FB-45BF-9380-C9C5770C225E}.Debug|Any CPU.ActiveCfg = Debug|Any CPU
		{4FCADB27-F8FB-45BF-9380-C9C5770C225E}.Debug|Any CPU.Build.0 = Debug|Any CPU
		{4FCADB27-F8FB-45BF-9380-C9C5770C225E}.Release|Any CPU.ActiveCfg = Release|Any CPU
		{4FCADB27-F8FB-45BF-9380-C9C5770C225E}.Release|Any CPU.Build.0 = Release|Any CPU
		{6B2646CE-987F-44C1-A1CE-16EDEFD6B99D}.Debug|Any CPU.ActiveCfg = Debug|Any CPU
		{6B2646CE-987F-44C1-A1CE-16EDEFD6B99D}.Debug|Any CPU.Build.0 = Debug|Any CPU
		{6B2646CE-987F-44C1-A1CE-16EDEFD6B99D}.Release|Any CPU.ActiveCfg = Release|Any CPU
		{6B2646CE-987F-44C1-A1CE-16EDEFD6B99D}.Release|Any CPU.Build.0 = Release|Any CPU
		{4998F387-129B-4C8C-9F8B-C143D0A612BE}.Debug|Any CPU.ActiveCfg = Debug|Any CPU
		{4998F387-129B-4C8C-9F8B-C143D0A612BE}.Debug|Any CPU.Build.0 = Debug|Any CPU
		{4998F387-129B-4C8C-9F8B-C143D0A612BE}.Release|Any CPU.ActiveCfg = Release|Any CPU
		{4998F387-129B-4C8C-9F8B-C143D0A612BE}.Release|Any CPU.Build.0 = Release|Any CPU
		{100FECFA-06E2-4D4D-90A4-ADFF9B251718}.Debug|Any CPU.ActiveCfg = Debug|Any CPU
		{100FECFA-06E2-4D4D-90A4-ADFF9B251718}.Debug|Any CPU.Build.0 = Debug|Any CPU
		{100FECFA-06E2-4D4D-90A4-ADFF9B251718}.Release|Any CPU.ActiveCfg = Release|Any CPU
		{100FECFA-06E2-4D4D-90A4-ADFF9B251718}.Release|Any CPU.Build.0 = Release|Any CPU
		{F5838427-97CC-44DA-8075-49A8C7480065}.Debug|Any CPU.ActiveCfg = Debug|Any CPU
		{F5838427-97CC-44DA-8075-49A8C7480065}.Debug|Any CPU.Build.0 = Debug|Any CPU
		{F5838427-97CC-44DA-8075-49A8C7480065}.Release|Any CPU.ActiveCfg = Release|Any CPU
		{F5838427-97CC-44DA-8075-49A8C7480065}.Release|Any CPU.Build.0 = Release|Any CPU
	EndGlobalSection
	GlobalSection(SolutionProperties) = preSolution
		HideSolutionNode = FALSE
	EndGlobalSection
	GlobalSection(ExtensibilityGlobals) = postSolution
		SolutionGuid = {6ACFC65A-74B0-4849-8BDE-3F15A56DC159}
	EndGlobalSection
EndGlobal
